// !$*UTF8*$!
{
	archiveVersion = 1;
	classes = {
	};
	objectVersion = 46;
	objects = {

/* Begin PBXBuildFile section */
		3E27560E1B288F7700B4AFAA /* DZRLoadingCell.m in Sources */ = {isa = PBXBuildFile; fileRef = 3E27560C1B288F7700B4AFAA /* DZRLoadingCell.m */; };
		3E27560F1B288F7700B4AFAA /* DZRLoadingCell.xib in Resources */ = {isa = PBXBuildFile; fileRef = 3E27560D1B288F7700B4AFAA /* DZRLoadingCell.xib */; };
		3E2756121B28DD2000B4AFAA /* DZRArtistDetailViewController.m in Sources */ = {isa = PBXBuildFile; fileRef = 3E2756111B28DD2000B4AFAA /* DZRArtistDetailViewController.m */; };
		3E2756151B29586E00B4AFAA /* DZRTrack.m in Sources */ = {isa = PBXBuildFile; fileRef = 3E2756141B29586E00B4AFAA /* DZRTrack.m */; };
		3E2756181B2958F000B4AFAA /* DZRAlbum.m in Sources */ = {isa = PBXBuildFile; fileRef = 3E2756171B2958F000B4AFAA /* DZRAlbum.m */; };
		3E27561C1B295AB600B4AFAA /* DZRTrackTableViewCell.m in Sources */ = {isa = PBXBuildFile; fileRef = 3E27561A1B295AB600B4AFAA /* DZRTrackTableViewCell.m */; };
		3E27561D1B295AB600B4AFAA /* DZRTrackTableViewCell.xib in Resources */ = {isa = PBXBuildFile; fileRef = 3E27561B1B295AB600B4AFAA /* DZRTrackTableViewCell.xib */; };
		3EE8CCE81B19C15400F4FB02 /* DZRArtistSearchViewController.m in Sources */ = {isa = PBXBuildFile; fileRef = 3EE8CCE71B19C15400F4FB02 /* DZRArtistSearchViewController.m */; };
		3EE8CCEC1B19C18700F4FB02 /* DZRArtist.m in Sources */ = {isa = PBXBuildFile; fileRef = 3EE8CCEB1B19C18700F4FB02 /* DZRArtist.m */; };
		3EE8CCF11B19C1D900F4FB02 /* DZRArtistCollectionViewCell.m in Sources */ = {isa = PBXBuildFile; fileRef = 3EE8CCF01B19C1D900F4FB02 /* DZRArtistCollectionViewCell.m */; };
		3EE8CCFA1B19C33600F4FB02 /* DZRURLSessionManager.m in Sources */ = {isa = PBXBuildFile; fileRef = 3EE8CCF91B19C33600F4FB02 /* DZRURLSessionManager.m */; };
		3EE8CCFD1B1A08A900F4FB02 /* DZRServiceController.m in Sources */ = {isa = PBXBuildFile; fileRef = 3EE8CCFC1B1A08A900F4FB02 /* DZRServiceController.m */; };
		3EEBE1EC1B2758FD0086C093 /* UIImageView+DZRImageFetcher.m in Sources */ = {isa = PBXBuildFile; fileRef = 3EEBE1EB1B2758FD0086C093 /* UIImageView+DZRImageFetcher.m */; };
		3EEBE1F71B2839DB0086C093 /* DZRImageCache.m in Sources */ = {isa = PBXBuildFile; fileRef = 3EEBE1F61B2839DB0086C093 /* DZRImageCache.m */; };
		3EEBE1FA1B285EB20086C093 /* DZRURLSessionManagerTests.m in Sources */ = {isa = PBXBuildFile; fileRef = 3EEBE1F91B285EB20086C093 /* DZRURLSessionManagerTests.m */; };
		3EEBE1FE1B28675F0086C093 /* SearchResult.txt in Resources */ = {isa = PBXBuildFile; fileRef = 3EEBE1FD1B28675F0086C093 /* SearchResult.txt */; };
		3EEBE1FF1B2868F20086C093 /* SearchResult.txt in Resources */ = {isa = PBXBuildFile; fileRef = 3EEBE1FD1B28675F0086C093 /* SearchResult.txt */; };
		5C1A7D851A6558BB00092761 /* main.m in Sources */ = {isa = PBXBuildFile; fileRef = 5C1A7D841A6558BB00092761 /* main.m */; };
		5C1A7D881A6558BB00092761 /* AppDelegate.m in Sources */ = {isa = PBXBuildFile; fileRef = 5C1A7D871A6558BB00092761 /* AppDelegate.m */; };
		5C1A7D8E1A6558BB00092761 /* Main.storyboard in Resources */ = {isa = PBXBuildFile; fileRef = 5C1A7D8C1A6558BB00092761 /* Main.storyboard */; };
		5C1A7D901A6558BB00092761 /* Images.xcassets in Resources */ = {isa = PBXBuildFile; fileRef = 5C1A7D8F1A6558BB00092761 /* Images.xcassets */; };
		5C1A7D931A6558BB00092761 /* LaunchScreen.xib in Resources */ = {isa = PBXBuildFile; fileRef = 5C1A7D911A6558BB00092761 /* LaunchScreen.xib */; };
		5C2E661C1A67C3D500607EC5 /* DZRArtistTest.m in Sources */ = {isa = PBXBuildFile; fileRef = 5C2E661B1A67C3D500607EC5 /* DZRArtistTest.m */; };
/* End PBXBuildFile section */

/* Begin PBXContainerItemProxy section */
		5C1A7D991A6558BC00092761 /* PBXContainerItemProxy */ = {
			isa = PBXContainerItemProxy;
			containerPortal = 5C1A7D771A6558BB00092761 /* Project object */;
			proxyType = 1;
			remoteGlobalIDString = 5C1A7D7E1A6558BB00092761;
			remoteInfo = DeezerExercice;
		};
/* End PBXContainerItemProxy section */

/* Begin PBXFileReference section */
		3E27560B1B288F7700B4AFAA /* DZRLoadingCell.h */ = {isa = PBXFileReference; fileEncoding = 4; lastKnownFileType = sourcecode.c.h; path = DZRLoadingCell.h; sourceTree = "<group>"; };
		3E27560C1B288F7700B4AFAA /* DZRLoadingCell.m */ = {isa = PBXFileReference; fileEncoding = 4; lastKnownFileType = sourcecode.c.objc; path = DZRLoadingCell.m; sourceTree = "<group>"; };
		3E27560D1B288F7700B4AFAA /* DZRLoadingCell.xib */ = {isa = PBXFileReference; fileEncoding = 4; lastKnownFileType = file.xib; path = DZRLoadingCell.xib; sourceTree = "<group>"; };
		3E2756101B28DD2000B4AFAA /* DZRArtistDetailViewController.h */ = {isa = PBXFileReference; fileEncoding = 4; lastKnownFileType = sourcecode.c.h; path = DZRArtistDetailViewController.h; sourceTree = "<group>"; };
		3E2756111B28DD2000B4AFAA /* DZRArtistDetailViewController.m */ = {isa = PBXFileReference; fileEncoding = 4; lastKnownFileType = sourcecode.c.objc; path = DZRArtistDetailViewController.m; sourceTree = "<group>"; };
		3E2756131B29586E00B4AFAA /* DZRTrack.h */ = {isa = PBXFileReference; fileEncoding = 4; lastKnownFileType = sourcecode.c.h; path = DZRTrack.h; sourceTree = "<group>"; };
		3E2756141B29586E00B4AFAA /* DZRTrack.m */ = {isa = PBXFileReference; fileEncoding = 4; lastKnownFileType = sourcecode.c.objc; path = DZRTrack.m; sourceTree = "<group>"; };
		3E2756161B2958F000B4AFAA /* DZRAlbum.h */ = {isa = PBXFileReference; fileEncoding = 4; lastKnownFileType = sourcecode.c.h; path = DZRAlbum.h; sourceTree = "<group>"; };
		3E2756171B2958F000B4AFAA /* DZRAlbum.m */ = {isa = PBXFileReference; fileEncoding = 4; lastKnownFileType = sourcecode.c.objc; path = DZRAlbum.m; sourceTree = "<group>"; };
		3E2756191B295AB600B4AFAA /* DZRTrackTableViewCell.h */ = {isa = PBXFileReference; fileEncoding = 4; lastKnownFileType = sourcecode.c.h; path = DZRTrackTableViewCell.h; sourceTree = "<group>"; };
		3E27561A1B295AB600B4AFAA /* DZRTrackTableViewCell.m */ = {isa = PBXFileReference; fileEncoding = 4; lastKnownFileType = sourcecode.c.objc; path = DZRTrackTableViewCell.m; sourceTree = "<group>"; };
		3E27561B1B295AB600B4AFAA /* DZRTrackTableViewCell.xib */ = {isa = PBXFileReference; fileEncoding = 4; lastKnownFileType = file.xib; path = DZRTrackTableViewCell.xib; sourceTree = "<group>"; };
		3EE8CCE61B19C15400F4FB02 /* DZRArtistSearchViewController.h */ = {isa = PBXFileReference; fileEncoding = 4; lastKnownFileType = sourcecode.c.h; path = DZRArtistSearchViewController.h; sourceTree = "<group>"; };
		3EE8CCE71B19C15400F4FB02 /* DZRArtistSearchViewController.m */ = {isa = PBXFileReference; fileEncoding = 4; lastKnownFileType = sourcecode.c.objc; path = DZRArtistSearchViewController.m; sourceTree = "<group>"; };
		3EE8CCEA1B19C18700F4FB02 /* DZRArtist.h */ = {isa = PBXFileReference; fileEncoding = 4; lastKnownFileType = sourcecode.c.h; path = DZRArtist.h; sourceTree = "<group>"; };
		3EE8CCEB1B19C18700F4FB02 /* DZRArtist.m */ = {isa = PBXFileReference; fileEncoding = 4; lastKnownFileType = sourcecode.c.objc; path = DZRArtist.m; sourceTree = "<group>"; };
		3EE8CCEF1B19C1D900F4FB02 /* DZRArtistCollectionViewCell.h */ = {isa = PBXFileReference; fileEncoding = 4; lastKnownFileType = sourcecode.c.h; path = DZRArtistCollectionViewCell.h; sourceTree = "<group>"; };
		3EE8CCF01B19C1D900F4FB02 /* DZRArtistCollectionViewCell.m */ = {isa = PBXFileReference; fileEncoding = 4; lastKnownFileType = sourcecode.c.objc; path = DZRArtistCollectionViewCell.m; sourceTree = "<group>"; };
		3EE8CCF81B19C33600F4FB02 /* DZRURLSessionManager.h */ = {isa = PBXFileReference; fileEncoding = 4; lastKnownFileType = sourcecode.c.h; path = DZRURLSessionManager.h; sourceTree = "<group>"; };
		3EE8CCF91B19C33600F4FB02 /* DZRURLSessionManager.m */ = {isa = PBXFileReference; fileEncoding = 4; lastKnownFileType = sourcecode.c.objc; path = DZRURLSessionManager.m; sourceTree = "<group>"; };
		3EE8CCFB1B1A08A900F4FB02 /* DZRServiceController.h */ = {isa = PBXFileReference; fileEncoding = 4; lastKnownFileType = sourcecode.c.h; path = DZRServiceController.h; sourceTree = "<group>"; };
		3EE8CCFC1B1A08A900F4FB02 /* DZRServiceController.m */ = {isa = PBXFileReference; fileEncoding = 4; lastKnownFileType = sourcecode.c.objc; path = DZRServiceController.m; sourceTree = "<group>"; };
		3EEBE1EA1B2758FD0086C093 /* UIImageView+DZRImageFetcher.h */ = {isa = PBXFileReference; fileEncoding = 4; lastKnownFileType = sourcecode.c.h; path = "UIImageView+DZRImageFetcher.h"; sourceTree = "<group>"; };
		3EEBE1EB1B2758FD0086C093 /* UIImageView+DZRImageFetcher.m */ = {isa = PBXFileReference; fileEncoding = 4; lastKnownFileType = sourcecode.c.objc; path = "UIImageView+DZRImageFetcher.m"; sourceTree = "<group>"; };
		3EEBE1F51B2839DB0086C093 /* DZRImageCache.h */ = {isa = PBXFileReference; fileEncoding = 4; lastKnownFileType = sourcecode.c.h; path = DZRImageCache.h; sourceTree = "<group>"; };
		3EEBE1F61B2839DB0086C093 /* DZRImageCache.m */ = {isa = PBXFileReference; fileEncoding = 4; lastKnownFileType = sourcecode.c.objc; path = DZRImageCache.m; sourceTree = "<group>"; };
		3EEBE1F81B285EB20086C093 /* DZRURLSessionManagerTests.h */ = {isa = PBXFileReference; fileEncoding = 4; lastKnownFileType = sourcecode.c.h; path = DZRURLSessionManagerTests.h; sourceTree = "<group>"; };
		3EEBE1F91B285EB20086C093 /* DZRURLSessionManagerTests.m */ = {isa = PBXFileReference; fileEncoding = 4; lastKnownFileType = sourcecode.c.objc; path = DZRURLSessionManagerTests.m; sourceTree = "<group>"; };
		3EEBE1FD1B28675F0086C093 /* SearchResult.txt */ = {isa = PBXFileReference; fileEncoding = 4; lastKnownFileType = text; path = SearchResult.txt; sourceTree = "<group>"; };
		5C1A7D7F1A6558BB00092761 /* DeezerExercice.app */ = {isa = PBXFileReference; explicitFileType = wrapper.application; includeInIndex = 0; path = DeezerExercice.app; sourceTree = BUILT_PRODUCTS_DIR; };
		5C1A7D831A6558BB00092761 /* Info.plist */ = {isa = PBXFileReference; lastKnownFileType = text.plist.xml; path = Info.plist; sourceTree = "<group>"; };
		5C1A7D841A6558BB00092761 /* main.m */ = {isa = PBXFileReference; lastKnownFileType = sourcecode.c.objc; path = main.m; sourceTree = "<group>"; };
		5C1A7D861A6558BB00092761 /* AppDelegate.h */ = {isa = PBXFileReference; lastKnownFileType = sourcecode.c.h; path = AppDelegate.h; sourceTree = "<group>"; };
		5C1A7D871A6558BB00092761 /* AppDelegate.m */ = {isa = PBXFileReference; lastKnownFileType = sourcecode.c.objc; path = AppDelegate.m; sourceTree = "<group>"; };
		5C1A7D8D1A6558BB00092761 /* Base */ = {isa = PBXFileReference; lastKnownFileType = file.storyboard; name = Base; path = Base.lproj/Main.storyboard; sourceTree = "<group>"; };
		5C1A7D8F1A6558BB00092761 /* Images.xcassets */ = {isa = PBXFileReference; lastKnownFileType = folder.assetcatalog; path = Images.xcassets; sourceTree = "<group>"; };
		5C1A7D921A6558BB00092761 /* Base */ = {isa = PBXFileReference; lastKnownFileType = file.xib; name = Base; path = Base.lproj/LaunchScreen.xib; sourceTree = "<group>"; };
		5C1A7D981A6558BC00092761 /* DeezerExerciceTests.xctest */ = {isa = PBXFileReference; explicitFileType = wrapper.cfbundle; includeInIndex = 0; path = DeezerExerciceTests.xctest; sourceTree = BUILT_PRODUCTS_DIR; };
		5C1A7D9D1A6558BC00092761 /* Info.plist */ = {isa = PBXFileReference; lastKnownFileType = text.plist.xml; path = Info.plist; sourceTree = "<group>"; };
		5C2E661B1A67C3D500607EC5 /* DZRArtistTest.m */ = {isa = PBXFileReference; fileEncoding = 4; lastKnownFileType = sourcecode.c.objc; path = DZRArtistTest.m; sourceTree = "<group>"; };
/* End PBXFileReference section */

/* Begin PBXFrameworksBuildPhase section */
		5C1A7D7C1A6558BB00092761 /* Frameworks */ = {
			isa = PBXFrameworksBuildPhase;
			buildActionMask = 2147483647;
			files = (
			);
			runOnlyForDeploymentPostprocessing = 0;
		};
		5C1A7D951A6558BC00092761 /* Frameworks */ = {
			isa = PBXFrameworksBuildPhase;
			buildActionMask = 2147483647;
			files = (
			);
			runOnlyForDeploymentPostprocessing = 0;
		};
/* End PBXFrameworksBuildPhase section */

/* Begin PBXGroup section */
		3EE8CCE51B19C10B00F4FB02 /* ViewControllers */ = {
			isa = PBXGroup;
			children = (
				3EE8CCE61B19C15400F4FB02 /* DZRArtistSearchViewController.h */,
				3EE8CCE71B19C15400F4FB02 /* DZRArtistSearchViewController.m */,
				3E2756101B28DD2000B4AFAA /* DZRArtistDetailViewController.h */,
				3E2756111B28DD2000B4AFAA /* DZRArtistDetailViewController.m */,
			);
			path = ViewControllers;
			sourceTree = "<group>";
		};
		3EE8CCE91B19C15800F4FB02 /* Models */ = {
			isa = PBXGroup;
			children = (
				3EE8CCEA1B19C18700F4FB02 /* DZRArtist.h */,
				3EE8CCEB1B19C18700F4FB02 /* DZRArtist.m */,
				3E2756131B29586E00B4AFAA /* DZRTrack.h */,
				3E2756141B29586E00B4AFAA /* DZRTrack.m */,
				3E2756161B2958F000B4AFAA /* DZRAlbum.h */,
				3E2756171B2958F000B4AFAA /* DZRAlbum.m */,
			);
			path = Models;
			sourceTree = "<group>";
		};
		3EE8CCED1B19C19800F4FB02 /* Views */ = {
			isa = PBXGroup;
			children = (
				3EE8CCEE1B19C1A900F4FB02 /* Cells */,
			);
			path = Views;
			sourceTree = "<group>";
		};
		3EE8CCEE1B19C1A900F4FB02 /* Cells */ = {
			isa = PBXGroup;
			children = (
				3EE8CCEF1B19C1D900F4FB02 /* DZRArtistCollectionViewCell.h */,
				3EE8CCF01B19C1D900F4FB02 /* DZRArtistCollectionViewCell.m */,
				3E27560B1B288F7700B4AFAA /* DZRLoadingCell.h */,
				3E27560C1B288F7700B4AFAA /* DZRLoadingCell.m */,
				3E27560D1B288F7700B4AFAA /* DZRLoadingCell.xib */,
				3E2756191B295AB600B4AFAA /* DZRTrackTableViewCell.h */,
				3E27561A1B295AB600B4AFAA /* DZRTrackTableViewCell.m */,
				3E27561B1B295AB600B4AFAA /* DZRTrackTableViewCell.xib */,
			);
			path = Cells;
			sourceTree = "<group>";
		};
		3EE8CCF21B19C1E900F4FB02 /* Controllers */ = {
			isa = PBXGroup;
			children = (
				3EE8CCFB1B1A08A900F4FB02 /* DZRServiceController.h */,
				3EE8CCFC1B1A08A900F4FB02 /* DZRServiceController.m */,
			);
			path = Controllers;
			sourceTree = "<group>";
		};
		3EE8CCF41B19C22400F4FB02 /* Managers */ = {
			isa = PBXGroup;
			children = (
				3EE8CCF81B19C33600F4FB02 /* DZRURLSessionManager.h */,
				3EE8CCF91B19C33600F4FB02 /* DZRURLSessionManager.m */,
			);
			path = Managers;
			sourceTree = "<group>";
		};
		3EEBE1E91B2758BB0086C093 /* Categories */ = {
			isa = PBXGroup;
			children = (
				3EEBE1EA1B2758FD0086C093 /* UIImageView+DZRImageFetcher.h */,
				3EEBE1EB1B2758FD0086C093 /* UIImageView+DZRImageFetcher.m */,
			);
			path = Categories;
			sourceTree = "<group>";
		};
		3EEBE1EE1B28317D0086C093 /* ImageFetcher */ = {
			isa = PBXGroup;
			children = (
				3EEBE1F51B2839DB0086C093 /* DZRImageCache.h */,
				3EEBE1F61B2839DB0086C093 /* DZRImageCache.m */,
			);
			path = ImageFetcher;
			sourceTree = "<group>";
		};
		5C1A7D761A6558BB00092761 = {
			isa = PBXGroup;
			children = (
				5C1A7D811A6558BB00092761 /* DeezerExercice */,
				5C1A7D9B1A6558BC00092761 /* DeezerExerciceTests */,
				5C1A7D801A6558BB00092761 /* Products */,
			);
			sourceTree = "<group>";
		};
		5C1A7D801A6558BB00092761 /* Products */ = {
			isa = PBXGroup;
			children = (
				5C1A7D7F1A6558BB00092761 /* DeezerExercice.app */,
				5C1A7D981A6558BC00092761 /* DeezerExerciceTests.xctest */,
			);
			name = Products;
			sourceTree = "<group>";
		};
		5C1A7D811A6558BB00092761 /* DeezerExercice */ = {
			isa = PBXGroup;
			children = (
				3EEBE1EE1B28317D0086C093 /* ImageFetcher */,
				3EEBE1E91B2758BB0086C093 /* Categories */,
				3EE8CCF41B19C22400F4FB02 /* Managers */,
				3EE8CCF21B19C1E900F4FB02 /* Controllers */,
				3EE8CCED1B19C19800F4FB02 /* Views */,
				3EE8CCE91B19C15800F4FB02 /* Models */,
				3EE8CCE51B19C10B00F4FB02 /* ViewControllers */,
				5C1A7D861A6558BB00092761 /* AppDelegate.h */,
				5C1A7D871A6558BB00092761 /* AppDelegate.m */,
				5C1A7D8C1A6558BB00092761 /* Main.storyboard */,
				5C1A7D8F1A6558BB00092761 /* Images.xcassets */,
				5C1A7D911A6558BB00092761 /* LaunchScreen.xib */,
				5C1A7D821A6558BB00092761 /* Supporting Files */,
			);
			path = DeezerExercice;
			sourceTree = "<group>";
		};
		5C1A7D821A6558BB00092761 /* Supporting Files */ = {
			isa = PBXGroup;
			children = (
				5C1A7D831A6558BB00092761 /* Info.plist */,
				5C1A7D841A6558BB00092761 /* main.m */,
			);
			name = "Supporting Files";
			sourceTree = "<group>";
		};
		5C1A7D9B1A6558BC00092761 /* DeezerExerciceTests */ = {
			isa = PBXGroup;
			children = (
				3EEBE1FD1B28675F0086C093 /* SearchResult.txt */,
				5C2E661B1A67C3D500607EC5 /* DZRArtistTest.m */,
				3EEBE1F81B285EB20086C093 /* DZRURLSessionManagerTests.h */,
				3EEBE1F91B285EB20086C093 /* DZRURLSessionManagerTests.m */,
				5C1A7D9C1A6558BC00092761 /* Supporting Files */,
			);
			path = DeezerExerciceTests;
			sourceTree = "<group>";
		};
		5C1A7D9C1A6558BC00092761 /* Supporting Files */ = {
			isa = PBXGroup;
			children = (
				5C1A7D9D1A6558BC00092761 /* Info.plist */,
			);
			name = "Supporting Files";
			sourceTree = "<group>";
		};
/* End PBXGroup section */

/* Begin PBXNativeTarget section */
		5C1A7D7E1A6558BB00092761 /* DeezerExercice */ = {
			isa = PBXNativeTarget;
			buildConfigurationList = 5C1A7DA21A6558BC00092761 /* Build configuration list for PBXNativeTarget "DeezerExercice" */;
			buildPhases = (
				5C1A7D7B1A6558BB00092761 /* Sources */,
				5C1A7D7C1A6558BB00092761 /* Frameworks */,
				5C1A7D7D1A6558BB00092761 /* Resources */,
			);
			buildRules = (
			);
			dependencies = (
			);
			name = DeezerExercice;
			productName = DeezerExercice;
			productReference = 5C1A7D7F1A6558BB00092761 /* DeezerExercice.app */;
			productType = "com.apple.product-type.application";
		};
		5C1A7D971A6558BC00092761 /* DeezerExerciceTests */ = {
			isa = PBXNativeTarget;
			buildConfigurationList = 5C1A7DA51A6558BC00092761 /* Build configuration list for PBXNativeTarget "DeezerExerciceTests" */;
			buildPhases = (
				5C1A7D941A6558BC00092761 /* Sources */,
				5C1A7D951A6558BC00092761 /* Frameworks */,
				5C1A7D961A6558BC00092761 /* Resources */,
			);
			buildRules = (
			);
			dependencies = (
				5C1A7D9A1A6558BC00092761 /* PBXTargetDependency */,
			);
			name = DeezerExerciceTests;
			productName = DeezerExerciceTests;
			productReference = 5C1A7D981A6558BC00092761 /* DeezerExerciceTests.xctest */;
			productType = "com.apple.product-type.bundle.unit-test";
		};
/* End PBXNativeTarget section */

/* Begin PBXProject section */
		5C1A7D771A6558BB00092761 /* Project object */ = {
			isa = PBXProject;
			attributes = {
				LastUpgradeCheck = 0610;
				ORGANIZATIONNAME = Deezer;
				TargetAttributes = {
					5C1A7D7E1A6558BB00092761 = {
						CreatedOnToolsVersion = 6.1.1;
					};
					5C1A7D971A6558BC00092761 = {
						CreatedOnToolsVersion = 6.1.1;
						TestTargetID = 5C1A7D7E1A6558BB00092761;
					};
				};
			};
			buildConfigurationList = 5C1A7D7A1A6558BB00092761 /* Build configuration list for PBXProject "DeezerExercice" */;
			compatibilityVersion = "Xcode 3.2";
			developmentRegion = English;
			hasScannedForEncodings = 0;
			knownRegions = (
				en,
				Base,
			);
			mainGroup = 5C1A7D761A6558BB00092761;
			productRefGroup = 5C1A7D801A6558BB00092761 /* Products */;
			projectDirPath = "";
			projectRoot = "";
			targets = (
				5C1A7D7E1A6558BB00092761 /* DeezerExercice */,
				5C1A7D971A6558BC00092761 /* DeezerExerciceTests */,
			);
		};
/* End PBXProject section */

/* Begin PBXResourcesBuildPhase section */
		5C1A7D7D1A6558BB00092761 /* Resources */ = {
			isa = PBXResourcesBuildPhase;
			buildActionMask = 2147483647;
			files = (
				3E27560F1B288F7700B4AFAA /* DZRLoadingCell.xib in Resources */,
				5C1A7D8E1A6558BB00092761 /* Main.storyboard in Resources */,
				5C1A7D931A6558BB00092761 /* LaunchScreen.xib in Resources */,
				5C1A7D901A6558BB00092761 /* Images.xcassets in Resources */,
				3E27561D1B295AB600B4AFAA /* DZRTrackTableViewCell.xib in Resources */,
				3EEBE1FF1B2868F20086C093 /* SearchResult.txt in Resources */,
			);
			runOnlyForDeploymentPostprocessing = 0;
		};
		5C1A7D961A6558BC00092761 /* Resources */ = {
			isa = PBXResourcesBuildPhase;
			buildActionMask = 2147483647;
			files = (
				3EEBE1FE1B28675F0086C093 /* SearchResult.txt in Resources */,
			);
			runOnlyForDeploymentPostprocessing = 0;
		};
/* End PBXResourcesBuildPhase section */

/* Begin PBXSourcesBuildPhase section */
		5C1A7D7B1A6558BB00092761 /* Sources */ = {
			isa = PBXSourcesBuildPhase;
			buildActionMask = 2147483647;
			files = (
				3EE8CCFD1B1A08A900F4FB02 /* DZRServiceController.m in Sources */,
				3EE8CCE81B19C15400F4FB02 /* DZRArtistSearchViewController.m in Sources */,
				3E27561C1B295AB600B4AFAA /* DZRTrackTableViewCell.m in Sources */,
				5C1A7D881A6558BB00092761 /* AppDelegate.m in Sources */,
				3EEBE1EC1B2758FD0086C093 /* UIImageView+DZRImageFetcher.m in Sources */,
				5C1A7D851A6558BB00092761 /* main.m in Sources */,
				3E27560E1B288F7700B4AFAA /* DZRLoadingCell.m in Sources */,
				3E2756121B28DD2000B4AFAA /* DZRArtistDetailViewController.m in Sources */,
				3EE8CCFA1B19C33600F4FB02 /* DZRURLSessionManager.m in Sources */,
				3EE8CCF11B19C1D900F4FB02 /* DZRArtistCollectionViewCell.m in Sources */,
				3EE8CCEC1B19C18700F4FB02 /* DZRArtist.m in Sources */,
				3E2756151B29586E00B4AFAA /* DZRTrack.m in Sources */,
				3E2756181B2958F000B4AFAA /* DZRAlbum.m in Sources */,
				3EEBE1F71B2839DB0086C093 /* DZRImageCache.m in Sources */,
			);
			runOnlyForDeploymentPostprocessing = 0;
		};
		5C1A7D941A6558BC00092761 /* Sources */ = {
			isa = PBXSourcesBuildPhase;
			buildActionMask = 2147483647;
			files = (
				5C2E661C1A67C3D500607EC5 /* DZRArtistTest.m in Sources */,
				3EEBE1FA1B285EB20086C093 /* DZRURLSessionManagerTests.m in Sources */,
			);
			runOnlyForDeploymentPostprocessing = 0;
		};
/* End PBXSourcesBuildPhase section */

/* Begin PBXTargetDependency section */
		5C1A7D9A1A6558BC00092761 /* PBXTargetDependency */ = {
			isa = PBXTargetDependency;
			target = 5C1A7D7E1A6558BB00092761 /* DeezerExercice */;
			targetProxy = 5C1A7D991A6558BC00092761 /* PBXContainerItemProxy */;
		};
/* End PBXTargetDependency section */

/* Begin PBXVariantGroup section */
		5C1A7D8C1A6558BB00092761 /* Main.storyboard */ = {
			isa = PBXVariantGroup;
			children = (
				5C1A7D8D1A6558BB00092761 /* Base */,
			);
			name = Main.storyboard;
			sourceTree = "<group>";
		};
		5C1A7D911A6558BB00092761 /* LaunchScreen.xib */ = {
			isa = PBXVariantGroup;
			children = (
				5C1A7D921A6558BB00092761 /* Base */,
			);
			name = LaunchScreen.xib;
			sourceTree = "<group>";
		};
/* End PBXVariantGroup section */

/* Begin XCBuildConfiguration section */
		5C1A7DA01A6558BC00092761 /* Debug */ = {
			isa = XCBuildConfiguration;
			buildSettings = {
				ALWAYS_SEARCH_USER_PATHS = NO;
				CLANG_CXX_LANGUAGE_STANDARD = "gnu++0x";
				CLANG_CXX_LIBRARY = "libc++";
				CLANG_ENABLE_MODULES = YES;
				CLANG_ENABLE_OBJC_ARC = YES;
				CLANG_WARN_BOOL_CONVERSION = YES;
				CLANG_WARN_CONSTANT_CONVERSION = YES;
				CLANG_WARN_DIRECT_OBJC_ISA_USAGE = YES_ERROR;
				CLANG_WARN_EMPTY_BODY = YES;
				CLANG_WARN_ENUM_CONVERSION = YES;
				CLANG_WARN_INT_CONVERSION = YES;
				CLANG_WARN_OBJC_ROOT_CLASS = YES_ERROR;
				CLANG_WARN_UNREACHABLE_CODE = YES;
				CLANG_WARN__DUPLICATE_METHOD_MATCH = YES;
				"CODE_SIGN_IDENTITY[sdk=iphoneos*]" = "iPhone Developer";
				COPY_PHASE_STRIP = NO;
				ENABLE_STRICT_OBJC_MSGSEND = YES;
				GCC_C_LANGUAGE_STANDARD = gnu99;
				GCC_DYNAMIC_NO_PIC = NO;
				GCC_OPTIMIZATION_LEVEL = 0;
				GCC_PREPROCESSOR_DEFINITIONS = (
					"DEBUG=1",
					"$(inherited)",
				);
				GCC_SYMBOLS_PRIVATE_EXTERN = NO;
				GCC_WARN_64_TO_32_BIT_CONVERSION = YES;
				GCC_WARN_ABOUT_RETURN_TYPE = YES_ERROR;
				GCC_WARN_UNDECLARED_SELECTOR = YES;
				GCC_WARN_UNINITIALIZED_AUTOS = YES_AGGRESSIVE;
				GCC_WARN_UNUSED_FUNCTION = YES;
				GCC_WARN_UNUSED_VARIABLE = YES;
				IPHONEOS_DEPLOYMENT_TARGET = 7.0;
				MTL_ENABLE_DEBUG_INFO = YES;
				ONLY_ACTIVE_ARCH = YES;
				SDKROOT = iphoneos;
				TARGETED_DEVICE_FAMILY = "1,2";
			};
			name = Debug;
		};
		5C1A7DA11A6558BC00092761 /* Release */ = {
			isa = XCBuildConfiguration;
			buildSettings = {
				ALWAYS_SEARCH_USER_PATHS = NO;
				CLANG_CXX_LANGUAGE_STANDARD = "gnu++0x";
				CLANG_CXX_LIBRARY = "libc++";
				CLANG_ENABLE_MODULES = YES;
				CLANG_ENABLE_OBJC_ARC = YES;
				CLANG_WARN_BOOL_CONVERSION = YES;
				CLANG_WARN_CONSTANT_CONVERSION = YES;
				CLANG_WARN_DIRECT_OBJC_ISA_USAGE = YES_ERROR;
				CLANG_WARN_EMPTY_BODY = YES;
				CLANG_WARN_ENUM_CONVERSION = YES;
				CLANG_WARN_INT_CONVERSION = YES;
				CLANG_WARN_OBJC_ROOT_CLASS = YES_ERROR;
				CLANG_WARN_UNREACHABLE_CODE = YES;
				CLANG_WARN__DUPLICATE_METHOD_MATCH = YES;
				"CODE_SIGN_IDENTITY[sdk=iphoneos*]" = "iPhone Developer";
				COPY_PHASE_STRIP = YES;
				ENABLE_NS_ASSERTIONS = NO;
				ENABLE_STRICT_OBJC_MSGSEND = YES;
				GCC_C_LANGUAGE_STANDARD = gnu99;
				GCC_WARN_64_TO_32_BIT_CONVERSION = YES;
				GCC_WARN_ABOUT_RETURN_TYPE = YES_ERROR;
				GCC_WARN_UNDECLARED_SELECTOR = YES;
				GCC_WARN_UNINITIALIZED_AUTOS = YES_AGGRESSIVE;
				GCC_WARN_UNUSED_FUNCTION = YES;
				GCC_WARN_UNUSED_VARIABLE = YES;
				IPHONEOS_DEPLOYMENT_TARGET = 7.0;
				MTL_ENABLE_DEBUG_INFO = NO;
				SDKROOT = iphoneos;
				TARGETED_DEVICE_FAMILY = "1,2";
				VALIDATE_PRODUCT = YES;
			};
			name = Release;
		};
		5C1A7DA31A6558BC00092761 /* Debug */ = {
			isa = XCBuildConfiguration;
			buildSettings = {
				ASSETCATALOG_COMPILER_APPICON_NAME = AppIcon;
				ASSETCATALOG_COMPILER_LAUNCHIMAGE_NAME = LaunchImage;
				CLANG_ENABLE_MODULES = YES;
				INFOPLIST_FILE = DeezerExercice/Info.plist;
				IPHONEOS_DEPLOYMENT_TARGET = 7.0;
				LD_RUNPATH_SEARCH_PATHS = "$(inherited) @executable_path/Frameworks";
				PRODUCT_NAME = "$(TARGET_NAME)";
				SWIFT_OBJC_BRIDGING_HEADER = "DeezerExercice/Managers/DeezerExercice-Bridging-Header.h";
				SWIFT_OPTIMIZATION_LEVEL = "-Onone";
			};
			name = Debug;
		};
		5C1A7DA41A6558BC00092761 /* Release */ = {
			isa = XCBuildConfiguration;
			buildSettings = {
				ASSETCATALOG_COMPILER_APPICON_NAME = AppIcon;
				ASSETCATALOG_COMPILER_LAUNCHIMAGE_NAME = LaunchImage;
				CLANG_ENABLE_MODULES = YES;
				INFOPLIST_FILE = DeezerExercice/Info.plist;
				IPHONEOS_DEPLOYMENT_TARGET = 7.0;
				LD_RUNPATH_SEARCH_PATHS = "$(inherited) @executable_path/Frameworks";
				PRODUCT_NAME = "$(TARGET_NAME)";
				SWIFT_OBJC_BRIDGING_HEADER = "DeezerExercice/Managers/DeezerExercice-Bridging-Header.h";
			};
			name = Release;
		};
		5C1A7DA61A6558BC00092761 /* Debug */ = {
			isa = XCBuildConfiguration;
			buildSettings = {
				BUNDLE_LOADER = "$(TEST_HOST)";
				FRAMEWORK_SEARCH_PATHS = (
					"$(SDKROOT)/Developer/Library/Frameworks",
					"$(inherited)",
				);
				GCC_PREPROCESSOR_DEFINITIONS = (
					"DEBUG=1",
					"$(inherited)",
				);
				INFOPLIST_FILE = DeezerExerciceTests/Info.plist;
				LD_RUNPATH_SEARCH_PATHS = "$(inherited) @executable_path/Frameworks @loader_path/Frameworks";
				PRODUCT_NAME = "$(TARGET_NAME)";
				TEST_HOST = "$(BUILT_PRODUCTS_DIR)/DeezerExercice.app/DeezerExercice";
			};
			name = Debug;
		};
		5C1A7DA71A6558BC00092761 /* Release */ = {
			isa = XCBuildConfiguration;
			buildSettings = {
				BUNDLE_LOADER = "$(TEST_HOST)";
				FRAMEWORK_SEARCH_PATHS = (
					"$(SDKROOT)/Developer/Library/Frameworks",
					"$(inherited)",
				);
				INFOPLIST_FILE = DeezerExerciceTests/Info.plist;
				LD_RUNPATH_SEARCH_PATHS = "$(inherited) @executable_path/Frameworks @loader_path/Frameworks";
				PRODUCT_NAME = "$(TARGET_NAME)";
				TEST_HOST = "$(BUILT_PRODUCTS_DIR)/DeezerExercice.app/DeezerExercice";
			};
			name = Release;
		};
/* End XCBuildConfiguration section */

/* Begin XCConfigurationList section */
		5C1A7D7A1A6558BB00092761 /* Build configuration list for PBXProject "DeezerExercice" */ = {
			isa = XCConfigurationList;
			buildConfigurations = (
				5C1A7DA01A6558BC00092761 /* Debug */,
				5C1A7DA11A6558BC00092761 /* Release */,
			);
			defaultConfigurationIsVisible = 0;
			defaultConfigurationName = Release;
		};
		5C1A7DA21A6558BC00092761 /* Build configuration list for PBXNativeTarget "DeezerExercice" */ = {
			isa = XCConfigurationList;
			buildConfigurations = (
				5C1A7DA31A6558BC00092761 /* Debug */,
				5C1A7DA41A6558BC00092761 /* Release */,
			);
			defaultConfigurationIsVisible = 0;
			defaultConfigurationName = Release;
		};
		5C1A7DA51A6558BC00092761 /* Build configuration list for PBXNativeTarget "DeezerExerciceTests" */ = {
			isa = XCConfigurationList;
			buildConfigurations = (
				5C1A7DA61A6558BC00092761 /* Debug */,
				5C1A7DA71A6558BC00092761 /* Release */,
			);
			defaultConfigurationIsVisible = 0;
			defaultConfigurationName = Release;
		};
/* End XCConfigurationList section */
	};
	rootObject = 5C1A7D771A6558BB00092761 /* Project object */;
}
